
Microsoft Visual Studio Solution File, Format Version 12.00
# Visual Studio Version 17
VisualStudioVersion = 17.3.32819.101
MinimumVisualStudioVersion = 10.0.40219.1
Project("{FAE04EC0-301F-11D3-BF4B-00C04F79EFBC}") = "EntityFramework", "EntityFramework\EntityFramework.csproj", "{607EA11D-3BF9-4D2F-A11C-D287E72661FE}"
EndProject
Project("{FAE04EC0-301F-11D3-BF4B-00C04F79EFBC}") = "Mvc", "Mvc\Mvc.csproj", "{C89EEBFD-9B26-4218-82B8-ABD7AD06947A}"
EndProject
Global
	GlobalSection(SolutionConfigurationPlatforms) = preSolution
		Debug|Any CPU = Debug|Any CPU
		Release|Any CPU = Release|Any CPU
	EndGlobalSection
	GlobalSection(ProjectConfigurationPlatforms) = postSolution
		{607EA11D-3BF9-4D2F-A11C-D287E72661FE}.Debug|Any CPU.ActiveCfg = Debug|Any CPU
		{607EA11D-3BF9-4D2F-A11C-D287E72661FE}.Debug|Any CPU.Build.0 = Debug|Any CPU
		{607EA11D-3BF9-4D2F-A11C-D287E72661FE}.Release|Any CPU.ActiveCfg = Release|Any CPU
		{607EA11D-3BF9-4D2F-A11C-D287E72661FE}.Release|Any CPU.Build.0 = Release|Any CPU
		{C89EEBFD-9B26-4218-82B8-ABD7AD06947A}.Debug|Any CPU.ActiveCfg = Debug|Any CPU
		{C89EEBFD-9B26-4218-82B8-ABD7AD06947A}.Debug|Any CPU.Build.0 = Debug|Any CPU
		{C89EEBFD-9B26-4218-82B8-ABD7AD06947A}.Release|Any CPU.ActiveCfg = Release|Any CPU
		{C89EEBFD-9B26-4218-82B8-ABD7AD06947A}.Release|Any CPU.Build.0 = Release|Any CPU
	EndGlobalSection
	GlobalSection(SolutionProperties) = preSolution
		HideSolutionNode = FALSE
	EndGlobalSection
	GlobalSection(ExtensibilityGlobals) = postSolution
		SolutionGuid = {77083FE2-D4E9-443B-A4FD-D5F14C20ACAD}
	EndGlobalSection
EndGlobal
